// !$*UTF8*$!
{
	archiveVersion = 1;
	classes = {
	};
	objectVersion = 46;
	objects = {

/* Begin PBXBuildFile section */
		FC3ADF251647E7C900656BE8 /* UIKit.framework in Frameworks */ = {isa = PBXBuildFile; fileRef = FC3ADF241647E7C900656BE8 /* UIKit.framework */; };
		FC3ADF271647E7C900656BE8 /* Foundation.framework in Frameworks */ = {isa = PBXBuildFile; fileRef = FC3ADF261647E7C900656BE8 /* Foundation.framework */; };
		FC3ADF291647E7C900656BE8 /* CoreGraphics.framework in Frameworks */ = {isa = PBXBuildFile; fileRef = FC3ADF281647E7C900656BE8 /* CoreGraphics.framework */; };
		FC3ADF2F1647E7C900656BE8 /* InfoPlist.strings in Resources */ = {isa = PBXBuildFile; fileRef = FC3ADF2D1647E7C900656BE8 /* InfoPlist.strings */; };
		FC3ADF311647E7C900656BE8 /* main.m in Sources */ = {isa = PBXBuildFile; fileRef = FC3ADF301647E7C900656BE8 /* main.m */; };
		FC3ADF351647E7C900656BE8 /* AppDelegate.m in Sources */ = {isa = PBXBuildFile; fileRef = FC3ADF341647E7C900656BE8 /* AppDelegate.m */; };
		FC3ADF3E1647E7C900656BE8 /* XmasController.m in Sources */ = {isa = PBXBuildFile; fileRef = FC3ADF3D1647E7C900656BE8 /* XmasController.m */; };
		FC3ADF4B1647E91400656BE8 /* Snowflake.m in Sources */ = {isa = PBXBuildFile; fileRef = FC3ADF4A1647E91400656BE8 /* Snowflake.m */; };
		FC3ADF4D1647E97000656BE8 /* QuartzCore.framework in Frameworks */ = {isa = PBXBuildFile; fileRef = FC3ADF4C1647E97000656BE8 /* QuartzCore.framework */; };
		FCCFD168164C00070033DCB0 /* Default.png in Resources */ = {isa = PBXBuildFile; fileRef = FCCFD167164C00070033DCB0 /* Default.png */; };
		FCCFD16A164C000D0033DCB0 /* Default@2x.png in Resources */ = {isa = PBXBuildFile; fileRef = FCCFD169164C000D0033DCB0 /* Default@2x.png */; };
		FCCFD16C164C00110033DCB0 /* Default-568h@2x.png in Resources */ = {isa = PBXBuildFile; fileRef = FCCFD16B164C00110033DCB0 /* Default-568h@2x.png */; };
		FCCFD16E164C00160033DCB0 /* Default-Portrait~ipad.png in Resources */ = {isa = PBXBuildFile; fileRef = FCCFD16D164C00160033DCB0 /* Default-Portrait~ipad.png */; };
		FCCFD170164C00190033DCB0 /* Default-Portrait@2x~ipad.png in Resources */ = {isa = PBXBuildFile; fileRef = FCCFD16F164C00190033DCB0 /* Default-Portrait@2x~ipad.png */; };
		FCCFD172164C00C70033DCB0 /* Icon.png in Resources */ = {isa = PBXBuildFile; fileRef = FCCFD171164C00C70033DCB0 /* Icon.png */; };
		FCCFD174164C00C90033DCB0 /* Icon@2x.png in Resources */ = {isa = PBXBuildFile; fileRef = FCCFD173164C00C90033DCB0 /* Icon@2x.png */; };
		FCCFD176164C00CE0033DCB0 /* Icon~ipad.png in Resources */ = {isa = PBXBuildFile; fileRef = FCCFD175164C00CE0033DCB0 /* Icon~ipad.png */; };
		FCCFD178164C00D00033DCB0 /* Icon@2x~ipad.png in Resources */ = {isa = PBXBuildFile; fileRef = FCCFD177164C00D00033DCB0 /* Icon@2x~ipad.png */; };
/* End PBXBuildFile section */

/* Begin PBXFileReference section */
		FC3ADF201647E7C900656BE8 /* Xmas.app */ = {isa = PBXFileReference; explicitFileType = wrapper.application; includeInIndex = 0; path = Xmas.app; sourceTree = BUILT_PRODUCTS_DIR; };
		FC3ADF241647E7C900656BE8 /* UIKit.framework */ = {isa = PBXFileReference; lastKnownFileType = wrapper.framework; name = UIKit.framework; path = System/Library/Frameworks/UIKit.framework; sourceTree = SDKROOT; };
		FC3ADF261647E7C900656BE8 /* Foundation.framework */ = {isa = PBXFileReference; lastKnownFileType = wrapper.framework; name = Foundation.framework; path = System/Library/Frameworks/Foundation.framework; sourceTree = SDKROOT; };
		FC3ADF281647E7C900656BE8 /* CoreGraphics.framework */ = {isa = PBXFileReference; lastKnownFileType = wrapper.framework; name = CoreGraphics.framework; path = System/Library/Frameworks/CoreGraphics.framework; sourceTree = SDKROOT; };
		FC3ADF2C1647E7C900656BE8 /* Xmas-Info.plist */ = {isa = PBXFileReference; lastKnownFileType = text.plist.xml; path = "Xmas-Info.plist"; sourceTree = "<group>"; };
		FC3ADF2E1647E7C900656BE8 /* en */ = {isa = PBXFileReference; lastKnownFileType = text.plist.strings; name = en; path = en.lproj/InfoPlist.strings; sourceTree = "<group>"; };
		FC3ADF301647E7C900656BE8 /* main.m */ = {isa = PBXFileReference; lastKnownFileType = sourcecode.c.objc; path = main.m; sourceTree = "<group>"; };
		FC3ADF321647E7C900656BE8 /* Xmas-Prefix.pch */ = {isa = PBXFileReference; lastKnownFileType = sourcecode.c.h; path = "Xmas-Prefix.pch"; sourceTree = "<group>"; };
		FC3ADF331647E7C900656BE8 /* AppDelegate.h */ = {isa = PBXFileReference; lastKnownFileType = sourcecode.c.h; path = AppDelegate.h; sourceTree = "<group>"; };
		FC3ADF341647E7C900656BE8 /* AppDelegate.m */ = {isa = PBXFileReference; lastKnownFileType = sourcecode.c.objc; path = AppDelegate.m; sourceTree = "<group>"; };
		FC3ADF3C1647E7C900656BE8 /* XmasController.h */ = {isa = PBXFileReference; lastKnownFileType = sourcecode.c.h; path = XmasController.h; sourceTree = "<group>"; };
		FC3ADF3D1647E7C900656BE8 /* XmasController.m */ = {isa = PBXFileReference; lastKnownFileType = sourcecode.c.objc; path = XmasController.m; sourceTree = "<group>"; };
		FC3ADF491647E91400656BE8 /* Snowflake.h */ = {isa = PBXFileReference; fileEncoding = 4; lastKnownFileType = sourcecode.c.h; path = Snowflake.h; sourceTree = "<group>"; };
		FC3ADF4A1647E91400656BE8 /* Snowflake.m */ = {isa = PBXFileReference; fileEncoding = 4; lastKnownFileType = sourcecode.c.objc; path = Snowflake.m; sourceTree = "<group>"; };
		FC3ADF4C1647E97000656BE8 /* QuartzCore.framework */ = {isa = PBXFileReference; lastKnownFileType = wrapper.framework; name = QuartzCore.framework; path = System/Library/Frameworks/QuartzCore.framework; sourceTree = SDKROOT; };
		FC408A8B164C04D2002DE37E /* README.md */ = {isa = PBXFileReference; lastKnownFileType = text; path = README.md; sourceTree = "<group>"; };
		FCCFD167164C00070033DCB0 /* Default.png */ = {isa = PBXFileReference; lastKnownFileType = image.png; path = Default.png; sourceTree = "<group>"; };
		FCCFD169164C000D0033DCB0 /* Default@2x.png */ = {isa = PBXFileReference; lastKnownFileType = image.png; path = "Default@2x.png"; sourceTree = "<group>"; };
		FCCFD16B164C00110033DCB0 /* Default-568h@2x.png */ = {isa = PBXFileReference; lastKnownFileType = image.png; path = "Default-568h@2x.png"; sourceTree = "<group>"; };
		FCCFD16D164C00160033DCB0 /* Default-Portrait~ipad.png */ = {isa = PBXFileReference; lastKnownFileType = image.png; path = "Default-Portrait~ipad.png"; sourceTree = "<group>"; };
		FCCFD16F164C00190033DCB0 /* Default-Portrait@2x~ipad.png */ = {isa = PBXFileReference; lastKnownFileType = image.png; path = "Default-Portrait@2x~ipad.png"; sourceTree = "<group>"; };
		FCCFD171164C00C70033DCB0 /* Icon.png */ = {isa = PBXFileReference; lastKnownFileType = image.png; path = Icon.png; sourceTree = "<group>"; };
		FCCFD173164C00C90033DCB0 /* Icon@2x.png */ = {isa = PBXFileReference; lastKnownFileType = image.png; path = "Icon@2x.png"; sourceTree = "<group>"; };
		FCCFD175164C00CE0033DCB0 /* Icon~ipad.png */ = {isa = PBXFileReference; lastKnownFileType = image.png; path = "Icon~ipad.png"; sourceTree = "<group>"; };
		FCCFD177164C00D00033DCB0 /* Icon@2x~ipad.png */ = {isa = PBXFileReference; lastKnownFileType = image.png; path = "Icon@2x~ipad.png"; sourceTree = "<group>"; };
/* End PBXFileReference section */

/* Begin PBXFrameworksBuildPhase section */
		FC3ADF1D1647E7C900656BE8 /* Frameworks */ = {
			isa = PBXFrameworksBuildPhase;
			buildActionMask = 2147483647;
			files = (
				FC3ADF4D1647E97000656BE8 /* QuartzCore.framework in Frameworks */,
				FC3ADF251647E7C900656BE8 /* UIKit.framework in Frameworks */,
				FC3ADF271647E7C900656BE8 /* Foundation.framework in Frameworks */,
				FC3ADF291647E7C900656BE8 /* CoreGraphics.framework in Frameworks */,
			);
			runOnlyForDeploymentPostprocessing = 0;
		};
/* End PBXFrameworksBuildPhase section */

/* Begin PBXGroup section */
		FC3ADF151647E7C900656BE8 = {
			isa = PBXGroup;
			children = (
				FC408A8B164C04D2002DE37E /* README.md */,
				FC3ADF2A1647E7C900656BE8 /* Xmas */,
				FC3ADF231647E7C900656BE8 /* Frameworks */,
				FC3ADF211647E7C900656BE8 /* Products */,
			);
			sourceTree = "<group>";
		};
		FC3ADF211647E7C900656BE8 /* Products */ = {
			isa = PBXGroup;
			children = (
				FC3ADF201647E7C900656BE8 /* Xmas.app */,
			);
			name = Products;
			sourceTree = "<group>";
		};
		FC3ADF231647E7C900656BE8 /* Frameworks */ = {
			isa = PBXGroup;
			children = (
				FC3ADF4C1647E97000656BE8 /* QuartzCore.framework */,
				FC3ADF241647E7C900656BE8 /* UIKit.framework */,
				FC3ADF261647E7C900656BE8 /* Foundation.framework */,
				FC3ADF281647E7C900656BE8 /* CoreGraphics.framework */,
			);
			name = Frameworks;
			sourceTree = "<group>";
		};
		FC3ADF2A1647E7C900656BE8 /* Xmas */ = {
			isa = PBXGroup;
			children = (
				FC3ADF491647E91400656BE8 /* Snowflake.h */,
				FC3ADF4A1647E91400656BE8 /* Snowflake.m */,
				FC3ADF331647E7C900656BE8 /* AppDelegate.h */,
				FC3ADF341647E7C900656BE8 /* AppDelegate.m */,
				FC3ADF3C1647E7C900656BE8 /* XmasController.h */,
				FC3ADF3D1647E7C900656BE8 /* XmasController.m */,
				FC3ADF2B1647E7C900656BE8 /* Supporting Files */,
			);
			path = Xmas;
			sourceTree = "<group>";
		};
		FC3ADF2B1647E7C900656BE8 /* Supporting Files */ = {
			isa = PBXGroup;
			children = (
				FC3ADF2C1647E7C900656BE8 /* Xmas-Info.plist */,
				FC3ADF2D1647E7C900656BE8 /* InfoPlist.strings */,
				FC3ADF301647E7C900656BE8 /* main.m */,
				FC3ADF321647E7C900656BE8 /* Xmas-Prefix.pch */,
				FCCFD177164C00D00033DCB0 /* Icon@2x~ipad.png */,
				FCCFD175164C00CE0033DCB0 /* Icon~ipad.png */,
				FCCFD173164C00C90033DCB0 /* Icon@2x.png */,
				FCCFD171164C00C70033DCB0 /* Icon.png */,
				FCCFD16F164C00190033DCB0 /* Default-Portrait@2x~ipad.png */,
				FCCFD16D164C00160033DCB0 /* Default-Portrait~ipad.png */,
				FCCFD16B164C00110033DCB0 /* Default-568h@2x.png */,
				FCCFD169164C000D0033DCB0 /* Default@2x.png */,
				FCCFD167164C00070033DCB0 /* Default.png */,
			);
			name = "Supporting Files";
			sourceTree = "<group>";
		};
/* End PBXGroup section */

/* Begin PBXNativeTarget section */
		FC3ADF1F1647E7C900656BE8 /* Xmas */ = {
			isa = PBXNativeTarget;
			buildConfigurationList = FC3ADF441647E7C900656BE8 /* Build configuration list for PBXNativeTarget "Xmas" */;
			buildPhases = (
				FC3ADF1C1647E7C900656BE8 /* Sources */,
				FC3ADF1D1647E7C900656BE8 /* Frameworks */,
				FC3ADF1E1647E7C900656BE8 /* Resources */,
			);
			buildRules = (
			);
			dependencies = (
			);
			name = Xmas;
			productName = Xmas;
			productReference = FC3ADF201647E7C900656BE8 /* Xmas.app */;
			productType = "com.apple.product-type.application";
		};
/* End PBXNativeTarget section */

/* Begin PBXProject section */
		FC3ADF171647E7C900656BE8 /* Project object */ = {
			isa = PBXProject;
			attributes = {
				LastUpgradeCheck = 0450;
				ORGANIZATIONNAME = "Jonathan Diehl";
			};
			buildConfigurationList = FC3ADF1A1647E7C900656BE8 /* Build configuration list for PBXProject "Xmas" */;
			compatibilityVersion = "Xcode 3.2";
			developmentRegion = English;
			hasScannedForEncodings = 0;
			knownRegions = (
				en,
			);
			mainGroup = FC3ADF151647E7C900656BE8;
			productRefGroup = FC3ADF211647E7C900656BE8 /* Products */;
			projectDirPath = "";
			projectRoot = "";
			targets = (
				FC3ADF1F1647E7C900656BE8 /* Xmas */,
			);
		};
/* End PBXProject section */

/* Begin PBXResourcesBuildPhase section */
		FC3ADF1E1647E7C900656BE8 /* Resources */ = {
			isa = PBXResourcesBuildPhase;
			buildActionMask = 2147483647;
			files = (
				FC3ADF2F1647E7C900656BE8 /* InfoPlist.strings in Resources */,
				FCCFD168164C00070033DCB0 /* Default.png in Resources */,
				FCCFD16A164C000D0033DCB0 /* Default@2x.png in Resources */,
				FCCFD16C164C00110033DCB0 /* Default-568h@2x.png in Resources */,
				FCCFD16E164C00160033DCB0 /* Default-Portrait~ipad.png in Resources */,
				FCCFD170164C00190033DCB0 /* Default-Portrait@2x~ipad.png in Resources */,
				FCCFD172164C00C70033DCB0 /* Icon.png in Resources */,
				FCCFD174164C00C90033DCB0 /* Icon@2x.png in Resources */,
				FCCFD176164C00CE0033DCB0 /* Icon~ipad.png in Resources */,
				FCCFD178164C00D00033DCB0 /* Icon@2x~ipad.png in Resources */,
			);
			runOnlyForDeploymentPostprocessing = 0;
		};
/* End PBXResourcesBuildPhase section */

/* Begin PBXSourcesBuildPhase section */
		FC3ADF1C1647E7C900656BE8 /* Sources */ = {
			isa = PBXSourcesBuildPhase;
			buildActionMask = 2147483647;
			files = (
				FC3ADF311647E7C900656BE8 /* main.m in Sources */,
				FC3ADF351647E7C900656BE8 /* AppDelegate.m in Sources */,
				FC3ADF3E1647E7C900656BE8 /* XmasController.m in Sources */,
				FC3ADF4B1647E91400656BE8 /* Snowflake.m in Sources */,
			);
			runOnlyForDeploymentPostprocessing = 0;
		};
/* End PBXSourcesBuildPhase section */

/* Begin PBXVariantGroup section */
		FC3ADF2D1647E7C900656BE8 /* InfoPlist.strings */ = {
			isa = PBXVariantGroup;
			children = (
				FC3ADF2E1647E7C900656BE8 /* en */,
			);
			name = InfoPlist.strings;
			sourceTree = "<group>";
		};
/* End PBXVariantGroup section */

/* Begin XCBuildConfiguration section */
		FC3ADF421647E7C900656BE8 /* Debug */ = {
			isa = XCBuildConfiguration;
			buildSettings = {
				ALWAYS_SEARCH_USER_PATHS = NO;
				CLANG_CXX_LANGUAGE_STANDARD = "gnu++0x";
				CLANG_CXX_LIBRARY = "libc++";
				CLANG_ENABLE_OBJC_ARC = YES;
				CLANG_WARN_EMPTY_BODY = YES;
				CLANG_WARN__DUPLICATE_METHOD_MATCH = YES;
				"CODE_SIGN_IDENTITY[sdk=iphoneos*]" = "iPhone Developer";
				COPY_PHASE_STRIP = NO;
				GCC_C_LANGUAGE_STANDARD = gnu99;
				GCC_DYNAMIC_NO_PIC = NO;
				GCC_OPTIMIZATION_LEVEL = 0;
				GCC_PREPROCESSOR_DEFINITIONS = (
					"DEBUG=1",
					"$(inherited)",
				);
				GCC_SYMBOLS_PRIVATE_EXTERN = NO;
				GCC_WARN_ABOUT_RETURN_TYPE = YES;
				GCC_WARN_UNINITIALIZED_AUTOS = YES;
				GCC_WARN_UNUSED_VARIABLE = YES;
				IPHONEOS_DEPLOYMENT_TARGET = 6.0;
				ONLY_ACTIVE_ARCH = YES;
				SDKROOT = iphoneos;
			};
			name = Debug;
		};
		FC3ADF431647E7C900656BE8 /* Release */ = {
			isa = XCBuildConfiguration;
			buildSettings = {
				ALWAYS_SEARCH_USER_PATHS = NO;
				CLANG_CXX_LANGUAGE_STANDARD = "gnu++0x";
				CLANG_CXX_LIBRARY = "libc++";
				CLANG_ENABLE_OBJC_ARC = YES;
				CLANG_WARN_EMPTY_BODY = YES;
				CLANG_WARN__DUPLICATE_METHOD_MATCH = YES;
				"CODE_SIGN_IDENTITY[sdk=iphoneos*]" = "iPhone Developer";
				COPY_PHASE_STRIP = YES;
				GCC_C_LANGUAGE_STANDARD = gnu99;
				GCC_WARN_ABOUT_RETURN_TYPE = YES;
				GCC_WARN_UNINITIALIZED_AUTOS = YES;
				GCC_WARN_UNUSED_VARIABLE = YES;
				IPHONEOS_DEPLOYMENT_TARGET = 6.0;
				OTHER_CFLAGS = "-DNS_BLOCK_ASSERTIONS=1";
				SDKROOT = iphoneos;
				VALIDATE_PRODUCT = YES;
			};
			name = Release;
		};
		FC3ADF451647E7C900656BE8 /* Debug */ = {
			isa = XCBuildConfiguration;
			buildSettings = {
				GCC_PRECOMPILE_PREFIX_HEADER = YES;
				GCC_PREFIX_HEADER = "Xmas/Xmas-Prefix.pch";
				INFOPLIST_FILE = "Xmas/Xmas-Info.plist";
				IPHONEOS_DEPLOYMENT_TARGET = 6.0;
				PRODUCT_NAME = "$(TARGET_NAME)";
				TARGETED_DEVICE_FAMILY = "1,2";
				WRAPPER_EXTENSION = app;
			};
			name = Debug;
		};
		FC3ADF461647E7C900656BE8 /* Release */ = {
			isa = XCBuildConfiguration;
			buildSettings = {
				GCC_PRECOMPILE_PREFIX_HEADER = YES;
				GCC_PREFIX_HEADER = "Xmas/Xmas-Prefix.pch";
				INFOPLIST_FILE = "Xmas/Xmas-Info.plist";
				IPHONEOS_DEPLOYMENT_TARGET = 6.0;
				PRODUCT_NAME = "$(TARGET_NAME)";
				TARGETED_DEVICE_FAMILY = "1,2";
				WRAPPER_EXTENSION = app;
			};
			name = Release;
		};
/* End XCBuildConfiguration section */

/* Begin XCConfigurationList section */
		FC3ADF1A1647E7C900656BE8 /* Build configuration list for PBXProject "Xmas" */ = {
			isa = XCConfigurationList;
			buildConfigurations = (
				FC3ADF421647E7C900656BE8 /* Debug */,
				FC3ADF431647E7C900656BE8 /* Release */,
			);
			defaultConfigurationIsVisible = 0;
			defaultConfigurationName = Release;
		};
		FC3ADF441647E7C900656BE8 /* Build configuration list for PBXNativeTarget "Xmas" */ = {
			isa = XCConfigurationList;
			buildConfigurations = (
				FC3ADF451647E7C900656BE8 /* Debug */,
				FC3ADF461647E7C900656BE8 /* Release */,
			);
			defaultConfigurationIsVisible = 0;
			defaultConfigurationName = Release;
		};
/* End XCConfigurationList section */
	};
	rootObject = FC3ADF171647E7C900656BE8 /* Project object */;
}
